
Microsoft Visual Studio Solution File, Format Version 12.00
# Visual Studio Version 16
VisualStudioVersion = 16.0.34031.81
MinimumVisualStudioVersion = 10.0.40219.1
Project("{FAE04EC0-301F-11D3-BF4B-00C04F79EFBC}") = "PTUDW", "PTUDW\PTUDW.csproj", "{1042491E-8D35-4B5B-BA49-8E1260E5421B}"
EndProject
Global
	GlobalSection(SolutionConfigurationPlatforms) = preSolution
		Debug|Any CPU = Debug|Any CPU
		Release|Any CPU = Release|Any CPU
	EndGlobalSection
	GlobalSection(ProjectConfigurationPlatforms) = postSolution
		{1042491E-8D35-4B5B-BA49-8E1260E5421B}.Debug|Any CPU.ActiveCfg = Debug|Any CPU
		{1042491E-8D35-4B5B-BA49-8E1260E5421B}.Debug|Any CPU.Build.0 = Debug|Any CPU
		{1042491E-8D35-4B5B-BA49-8E1260E5421B}.Release|Any CPU.ActiveCfg = Release|Any CPU
		{1042491E-8D35-4B5B-BA49-8E1260E5421B}.Release|Any CPU.Build.0 = Release|Any CPU
	EndGlobalSection
	GlobalSection(SolutionProperties) = preSolution
		HideSolutionNode = FALSE
	EndGlobalSection
	GlobalSection(ExtensibilityGlobals) = postSolution
		SolutionGuid = {6FBD099D-3A28-48BD-B281-912C73BBD785}
	EndGlobalSection
EndGlobal
